<?xml version="1.0" encoding="UTF-8" standalone="yes" ?>
<CodeBlocks_project_file>
   <FileVersion major="1" minor="6" />
   <Project>
      <Option title="Imacraft" />
      <Option makefile_is_custom="1" />
      <Option compiler="gcc" />
      <Option virtualFolders="CMake Files\;CMake Files\glimac\;" />
      <Build>
      <Target title="all">
         <Option working_dir="E:/florian/opengl/dwarfcraft_final_final_final_final/GLImac-Template-Projet-Linux-Windows-build" />
         <Option type="4" />
         <MakeCommands>
            <Build command="E:/Qt/Tools/mingw491_32/bin/mingw32-make.exe -f &quot;E:/florian/opengl/dwarfcraft_final_final_final_final/GLImac-Template-Projet-Linux-Windows-build/Makefile&quot;  VERBOSE=1 all" />
            <CompileFile command="E:/Qt/Tools/mingw491_32/bin/mingw32-make.exe -f &quot;E:/florian/opengl/dwarfcraft_final_final_final_final/GLImac-Template-Projet-Linux-Windows-build/Makefile&quot;  VERBOSE=1 &quot;$file&quot;" />
            <Clean command="E:/Qt/Tools/mingw491_32/bin/mingw32-make.exe -f &quot;E:/florian/opengl/dwarfcraft_final_final_final_final/GLImac-Template-Projet-Linux-Windows-build/Makefile&quot;  VERBOSE=1 clean" />
            <DistClean command="E:/Qt/Tools/mingw491_32/bin/mingw32-make.exe -f &quot;E:/florian/opengl/dwarfcraft_final_final_final_final/GLImac-Template-Projet-Linux-Windows-build/Makefile&quot;  VERBOSE=1 clean" />
         </MakeCommands>
      </Target>
      <Target title="Imacraft">
         <Option output="E:/florian/opengl/dwarfcraft_final_final_final_final/GLImac-Template-Projet-Linux-Windows-build/bin/Imacraft.exe" prefix_auto="0" extension_auto="0" />
         <Option working_dir="E:/florian/opengl/dwarfcraft_final_final_final_final/GLImac-Template-Projet-Linux-Windows-build/bin" />
         <Option object_output="./" />
         <Option type="1" />
         <Option compiler="gcc" />
         <Compiler>
            <Add directory="E:/Qt/Tools/mingw491_32/bin/../lib/gcc/i686-w64-mingw32/4.9.1/../../../../i686-w64-mingw32/include" />
            <Add directory="E:/Qt/Tools/mingw491_32/bin/../lib/gcc/i686-w64-mingw32/4.9.1/include" />
            <Add directory="E:/Qt/Tools/mingw491_32/bin/../lib/gcc/i686-w64-mingw32/4.9.1/include-fixed" />
            <Add directory="E:/Qt/Tools/mingw491_32/lib/gcc/../../i686-w64-mingw32/include/c++" />
            <Add directory="E:/Qt/Tools/mingw491_32/lib/gcc/../../i686-w64-mingw32/include/c++/backward" />
            <Add directory="E:/Qt/Tools/mingw491_32/lib/gcc/../../i686-w64-mingw32/include/c++/i686-w64-mingw32" />
            <Add directory="E:/florian/opengl/dwarfcraft_final_final_final_final/GLImac-Template-Projet-Linux-Windows/glimac/include" />
            <Add directory="E:/florian/opengl/dwarfcraft_final_final_final_final/GLImac-Template-Projet-Linux-Windows/third-party/include" />
            <Add directory="E:/florian/opengl/dwarfcraft_final_final_final_final/GLImac-Template-Projet-Linux-Windows/third-party/include/Windows" />
         </Compiler>
         <MakeCommands>
            <Build command="E:/Qt/Tools/mingw491_32/bin/mingw32-make.exe -f &quot;E:/florian/opengl/dwarfcraft_final_final_final_final/GLImac-Template-Projet-Linux-Windows-build/Makefile&quot;  VERBOSE=1 Imacraft" />
            <CompileFile command="E:/Qt/Tools/mingw491_32/bin/mingw32-make.exe -f &quot;E:/florian/opengl/dwarfcraft_final_final_final_final/GLImac-Template-Projet-Linux-Windows-build/Makefile&quot;  VERBOSE=1 &quot;$file&quot;" />
            <Clean command="E:/Qt/Tools/mingw491_32/bin/mingw32-make.exe -f &quot;E:/florian/opengl/dwarfcraft_final_final_final_final/GLImac-Template-Projet-Linux-Windows-build/Makefile&quot;  VERBOSE=1 clean" />
            <DistClean command="E:/Qt/Tools/mingw491_32/bin/mingw32-make.exe -f &quot;E:/florian/opengl/dwarfcraft_final_final_final_final/GLImac-Template-Projet-Linux-Windows-build/Makefile&quot;  VERBOSE=1 clean" />
         </MakeCommands>
      </Target>
      <Target title="Imacraft/fast">
         <Option output="E:/florian/opengl/dwarfcraft_final_final_final_final/GLImac-Template-Projet-Linux-Windows-build/bin/Imacraft.exe" prefix_auto="0" extension_auto="0" />
         <Option working_dir="E:/florian/opengl/dwarfcraft_final_final_final_final/GLImac-Template-Projet-Linux-Windows-build/bin" />
         <Option object_output="./" />
         <Option type="1" />
         <Option compiler="gcc" />
         <Compiler>
            <Add directory="E:/Qt/Tools/mingw491_32/bin/../lib/gcc/i686-w64-mingw32/4.9.1/../../../../i686-w64-mingw32/include" />
            <Add directory="E:/Qt/Tools/mingw491_32/bin/../lib/gcc/i686-w64-mingw32/4.9.1/include" />
            <Add directory="E:/Qt/Tools/mingw491_32/bin/../lib/gcc/i686-w64-mingw32/4.9.1/include-fixed" />
            <Add directory="E:/Qt/Tools/mingw491_32/lib/gcc/../../i686-w64-mingw32/include/c++" />
            <Add directory="E:/Qt/Tools/mingw491_32/lib/gcc/../../i686-w64-mingw32/include/c++/backward" />
            <Add directory="E:/Qt/Tools/mingw491_32/lib/gcc/../../i686-w64-mingw32/include/c++/i686-w64-mingw32" />
            <Add directory="E:/florian/opengl/dwarfcraft_final_final_final_final/GLImac-Template-Projet-Linux-Windows/glimac/include" />
            <Add directory="E:/florian/opengl/dwarfcraft_final_final_final_final/GLImac-Template-Projet-Linux-Windows/third-party/include" />
            <Add directory="E:/florian/opengl/dwarfcraft_final_final_final_final/GLImac-Template-Projet-Linux-Windows/third-party/include/Windows" />
         </Compiler>
         <MakeCommands>
            <Build command="E:/Qt/Tools/mingw491_32/bin/mingw32-make.exe -f &quot;E:/florian/opengl/dwarfcraft_final_final_final_final/GLImac-Template-Projet-Linux-Windows-build/Makefile&quot;  VERBOSE=1 Imacraft/fast" />
            <CompileFile command="E:/Qt/Tools/mingw491_32/bin/mingw32-make.exe -f &quot;E:/florian/opengl/dwarfcraft_final_final_final_final/GLImac-Template-Projet-Linux-Windows-build/Makefile&quot;  VERBOSE=1 &quot;$file&quot;" />
            <Clean command="E:/Qt/Tools/mingw491_32/bin/mingw32-make.exe -f &quot;E:/florian/opengl/dwarfcraft_final_final_final_final/GLImac-Template-Projet-Linux-Windows-build/Makefile&quot;  VERBOSE=1 clean" />
            <DistClean command="E:/Qt/Tools/mingw491_32/bin/mingw32-make.exe -f &quot;E:/florian/opengl/dwarfcraft_final_final_final_final/GLImac-Template-Projet-Linux-Windows-build/Makefile&quot;  VERBOSE=1 clean" />
         </MakeCommands>
      </Target>
      <Target title="edit_cache">
         <Option working_dir="E:/florian/opengl/dwarfcraft_final_final_final_final/GLImac-Template-Projet-Linux-Windows-build" />
         <Option type="4" />
         <MakeCommands>
            <Build command="E:/Qt/Tools/mingw491_32/bin/mingw32-make.exe -f &quot;E:/florian/opengl/dwarfcraft_final_final_final_final/GLImac-Template-Projet-Linux-Windows-build/Makefile&quot;  VERBOSE=1 edit_cache" />
            <CompileFile command="E:/Qt/Tools/mingw491_32/bin/mingw32-make.exe -f &quot;E:/florian/opengl/dwarfcraft_final_final_final_final/GLImac-Template-Projet-Linux-Windows-build/Makefile&quot;  VERBOSE=1 &quot;$file&quot;" />
            <Clean command="E:/Qt/Tools/mingw491_32/bin/mingw32-make.exe -f &quot;E:/florian/opengl/dwarfcraft_final_final_final_final/GLImac-Template-Projet-Linux-Windows-build/Makefile&quot;  VERBOSE=1 clean" />
            <DistClean command="E:/Qt/Tools/mingw491_32/bin/mingw32-make.exe -f &quot;E:/florian/opengl/dwarfcraft_final_final_final_final/GLImac-Template-Projet-Linux-Windows-build/Makefile&quot;  VERBOSE=1 clean" />
         </MakeCommands>
      </Target>
      <Target title="rebuild_cache">
         <Option working_dir="E:/florian/opengl/dwarfcraft_final_final_final_final/GLImac-Template-Projet-Linux-Windows-build" />
         <Option type="4" />
         <MakeCommands>
            <Build command="E:/Qt/Tools/mingw491_32/bin/mingw32-make.exe -f &quot;E:/florian/opengl/dwarfcraft_final_final_final_final/GLImac-Template-Projet-Linux-Windows-build/Makefile&quot;  VERBOSE=1 rebuild_cache" />
            <CompileFile command="E:/Qt/Tools/mingw491_32/bin/mingw32-make.exe -f &quot;E:/florian/opengl/dwarfcraft_final_final_final_final/GLImac-Template-Projet-Linux-Windows-build/Makefile&quot;  VERBOSE=1 &quot;$file&quot;" />
            <Clean command="E:/Qt/Tools/mingw491_32/bin/mingw32-make.exe -f &quot;E:/florian/opengl/dwarfcraft_final_final_final_final/GLImac-Template-Projet-Linux-Windows-build/Makefile&quot;  VERBOSE=1 clean" />
            <DistClean command="E:/Qt/Tools/mingw491_32/bin/mingw32-make.exe -f &quot;E:/florian/opengl/dwarfcraft_final_final_final_final/GLImac-Template-Projet-Linux-Windows-build/Makefile&quot;  VERBOSE=1 clean" />
         </MakeCommands>
      </Target>
      <Target title="glimac">
         <Option output="E:/florian/opengl/dwarfcraft_final_final_final_final/GLImac-Template-Projet-Linux-Windows-build/lib/libglimac.a" prefix_auto="0" extension_auto="0" />
         <Option working_dir="E:/florian/opengl/dwarfcraft_final_final_final_final/GLImac-Template-Projet-Linux-Windows-build/glimac" />
         <Option object_output="./" />
         <Option type="2" />
         <Option compiler="gcc" />
         <Compiler>
            <Add directory="E:/Qt/Tools/mingw491_32/bin/../lib/gcc/i686-w64-mingw32/4.9.1/../../../../i686-w64-mingw32/include" />
            <Add directory="E:/Qt/Tools/mingw491_32/bin/../lib/gcc/i686-w64-mingw32/4.9.1/include" />
            <Add directory="E:/Qt/Tools/mingw491_32/bin/../lib/gcc/i686-w64-mingw32/4.9.1/include-fixed" />
            <Add directory="E:/Qt/Tools/mingw491_32/lib/gcc/../../i686-w64-mingw32/include/c++" />
            <Add directory="E:/Qt/Tools/mingw491_32/lib/gcc/../../i686-w64-mingw32/include/c++/backward" />
            <Add directory="E:/Qt/Tools/mingw491_32/lib/gcc/../../i686-w64-mingw32/include/c++/i686-w64-mingw32" />
            <Add directory="E:/florian/opengl/dwarfcraft_final_final_final_final/GLImac-Template-Projet-Linux-Windows/glimac/include" />
            <Add directory="E:/florian/opengl/dwarfcraft_final_final_final_final/GLImac-Template-Projet-Linux-Windows/third-party/include" />
            <Add directory="E:/florian/opengl/dwarfcraft_final_final_final_final/GLImac-Template-Projet-Linux-Windows/third-party/include/Windows" />
         </Compiler>
         <MakeCommands>
            <Build command="E:/Qt/Tools/mingw491_32/bin/mingw32-make.exe -f &quot;E:/florian/opengl/dwarfcraft_final_final_final_final/GLImac-Template-Projet-Linux-Windows-build/glimac/Makefile&quot;  VERBOSE=1 glimac" />
            <CompileFile command="E:/Qt/Tools/mingw491_32/bin/mingw32-make.exe -f &quot;E:/florian/opengl/dwarfcraft_final_final_final_final/GLImac-Template-Projet-Linux-Windows-build/glimac/Makefile&quot;  VERBOSE=1 &quot;$file&quot;" />
            <Clean command="E:/Qt/Tools/mingw491_32/bin/mingw32-make.exe -f &quot;E:/florian/opengl/dwarfcraft_final_final_final_final/GLImac-Template-Projet-Linux-Windows-build/glimac/Makefile&quot;  VERBOSE=1 clean" />
            <DistClean command="E:/Qt/Tools/mingw491_32/bin/mingw32-make.exe -f &quot;E:/florian/opengl/dwarfcraft_final_final_final_final/GLImac-Template-Projet-Linux-Windows-build/glimac/Makefile&quot;  VERBOSE=1 clean" />
         </MakeCommands>
      </Target>
      <Target title="glimac/fast">
         <Option output="E:/florian/opengl/dwarfcraft_final_final_final_final/GLImac-Template-Projet-Linux-Windows-build/lib/libglimac.a" prefix_auto="0" extension_auto="0" />
         <Option working_dir="E:/florian/opengl/dwarfcraft_final_final_final_final/GLImac-Template-Projet-Linux-Windows-build/glimac" />
         <Option object_output="./" />
         <Option type="2" />
         <Option compiler="gcc" />
         <Compiler>
            <Add directory="E:/Qt/Tools/mingw491_32/bin/../lib/gcc/i686-w64-mingw32/4.9.1/../../../../i686-w64-mingw32/include" />
            <Add directory="E:/Qt/Tools/mingw491_32/bin/../lib/gcc/i686-w64-mingw32/4.9.1/include" />
            <Add directory="E:/Qt/Tools/mingw491_32/bin/../lib/gcc/i686-w64-mingw32/4.9.1/include-fixed" />
            <Add directory="E:/Qt/Tools/mingw491_32/lib/gcc/../../i686-w64-mingw32/include/c++" />
            <Add directory="E:/Qt/Tools/mingw491_32/lib/gcc/../../i686-w64-mingw32/include/c++/backward" />
            <Add directory="E:/Qt/Tools/mingw491_32/lib/gcc/../../i686-w64-mingw32/include/c++/i686-w64-mingw32" />
            <Add directory="E:/florian/opengl/dwarfcraft_final_final_final_final/GLImac-Template-Projet-Linux-Windows/glimac/include" />
            <Add directory="E:/florian/opengl/dwarfcraft_final_final_final_final/GLImac-Template-Projet-Linux-Windows/third-party/include" />
            <Add directory="E:/florian/opengl/dwarfcraft_final_final_final_final/GLImac-Template-Projet-Linux-Windows/third-party/include/Windows" />
         </Compiler>
         <MakeCommands>
            <Build command="E:/Qt/Tools/mingw491_32/bin/mingw32-make.exe -f &quot;E:/florian/opengl/dwarfcraft_final_final_final_final/GLImac-Template-Projet-Linux-Windows-build/glimac/Makefile&quot;  VERBOSE=1 glimac/fast" />
            <CompileFile command="E:/Qt/Tools/mingw491_32/bin/mingw32-make.exe -f &quot;E:/florian/opengl/dwarfcraft_final_final_final_final/GLImac-Template-Projet-Linux-Windows-build/glimac/Makefile&quot;  VERBOSE=1 &quot;$file&quot;" />
            <Clean command="E:/Qt/Tools/mingw491_32/bin/mingw32-make.exe -f &quot;E:/florian/opengl/dwarfcraft_final_final_final_final/GLImac-Template-Projet-Linux-Windows-build/glimac/Makefile&quot;  VERBOSE=1 clean" />
            <DistClean command="E:/Qt/Tools/mingw491_32/bin/mingw32-make.exe -f &quot;E:/florian/opengl/dwarfcraft_final_final_final_final/GLImac-Template-Projet-Linux-Windows-build/glimac/Makefile&quot;  VERBOSE=1 clean" />
         </MakeCommands>
      </Target>
      </Build>
      <Unit filename="E:/florian/opengl/dwarfcraft_final_final_final_final/GLImac-Template-Projet-Linux-Windows/glimac/src/Cone.cpp">
      </Unit>
      <Unit filename="E:/florian/opengl/dwarfcraft_final_final_final_final/GLImac-Template-Projet-Linux-Windows/glimac/src/Geometry.cpp">
      </Unit>
      <Unit filename="E:/florian/opengl/dwarfcraft_final_final_final_final/GLImac-Template-Projet-Linux-Windows/glimac/src/Image.cpp">
      </Unit>
      <Unit filename="E:/florian/opengl/dwarfcraft_final_final_final_final/GLImac-Template-Projet-Linux-Windows/glimac/src/Program.cpp">
      </Unit>
      <Unit filename="E:/florian/opengl/dwarfcraft_final_final_final_final/GLImac-Template-Projet-Linux-Windows/glimac/src/SDLWindowManager.cpp">
      </Unit>
      <Unit filename="E:/florian/opengl/dwarfcraft_final_final_final_final/GLImac-Template-Projet-Linux-Windows/glimac/src/Shader.cpp">
      </Unit>
      <Unit filename="E:/florian/opengl/dwarfcraft_final_final_final_final/GLImac-Template-Projet-Linux-Windows/glimac/src/Sphere.cpp">
      </Unit>
      <Unit filename="E:/florian/opengl/dwarfcraft_final_final_final_final/GLImac-Template-Projet-Linux-Windows/glimac/src/camera.cpp">
      </Unit>
      <Unit filename="E:/florian/opengl/dwarfcraft_final_final_final_final/GLImac-Template-Projet-Linux-Windows/glimac/src/character.cpp">
      </Unit>
      <Unit filename="E:/florian/opengl/dwarfcraft_final_final_final_final/GLImac-Template-Projet-Linux-Windows/glimac/src/chunk.cpp">
      </Unit>
      <Unit filename="E:/florian/opengl/dwarfcraft_final_final_final_final/GLImac-Template-Projet-Linux-Windows/glimac/src/collider.cpp">
      </Unit>
      <Unit filename="E:/florian/opengl/dwarfcraft_final_final_final_final/GLImac-Template-Projet-Linux-Windows/glimac/src/config.cpp">
      </Unit>
      <Unit filename="E:/florian/opengl/dwarfcraft_final_final_final_final/GLImac-Template-Projet-Linux-Windows/glimac/src/cube.cpp">
      </Unit>
      <Unit filename="E:/florian/opengl/dwarfcraft_final_final_final_final/GLImac-Template-Projet-Linux-Windows/glimac/src/cubeCollider.cpp">
      </Unit>
      <Unit filename="E:/florian/opengl/dwarfcraft_final_final_final_final/GLImac-Template-Projet-Linux-Windows/glimac/src/directionnalLight.cpp">
      </Unit>
      <Unit filename="E:/florian/opengl/dwarfcraft_final_final_final_final/GLImac-Template-Projet-Linux-Windows/glimac/src/force.cpp">
      </Unit>
      <Unit filename="E:/florian/opengl/dwarfcraft_final_final_final_final/GLImac-Template-Projet-Linux-Windows/glimac/src/freeFlyCamera.cpp">
      </Unit>
      <Unit filename="E:/florian/opengl/dwarfcraft_final_final_final_final/GLImac-Template-Projet-Linux-Windows/glimac/src/item.cpp">
      </Unit>
      <Unit filename="E:/florian/opengl/dwarfcraft_final_final_final_final/GLImac-Template-Projet-Linux-Windows/glimac/src/itemCube.cpp">
      </Unit>
      <Unit filename="E:/florian/opengl/dwarfcraft_final_final_final_final/GLImac-Template-Projet-Linux-Windows/glimac/src/itemManager.cpp">
      </Unit>
      <Unit filename="E:/florian/opengl/dwarfcraft_final_final_final_final/GLImac-Template-Projet-Linux-Windows/glimac/src/itemModel.cpp">
      </Unit>
      <Unit filename="E:/florian/opengl/dwarfcraft_final_final_final_final/GLImac-Template-Projet-Linux-Windows/glimac/src/light.cpp">
      </Unit>
      <Unit filename="E:/florian/opengl/dwarfcraft_final_final_final_final/GLImac-Template-Projet-Linux-Windows/glimac/src/lightManager.cpp">
      </Unit>
      <Unit filename="E:/florian/opengl/dwarfcraft_final_final_final_final/GLImac-Template-Projet-Linux-Windows/glimac/src/map.cpp">
      </Unit>
      <Unit filename="E:/florian/opengl/dwarfcraft_final_final_final_final/GLImac-Template-Projet-Linux-Windows/glimac/src/menu.cpp">
      </Unit>
      <Unit filename="E:/florian/opengl/dwarfcraft_final_final_final_final/GLImac-Template-Projet-Linux-Windows/glimac/src/mesh.cpp">
      </Unit>
      <Unit filename="E:/florian/opengl/dwarfcraft_final_final_final_final/GLImac-Template-Projet-Linux-Windows/glimac/src/model.cpp">
      </Unit>
      <Unit filename="E:/florian/opengl/dwarfcraft_final_final_final_final/GLImac-Template-Projet-Linux-Windows/glimac/src/opengl_tool.cpp">
      </Unit>
      <Unit filename="E:/florian/opengl/dwarfcraft_final_final_final_final/GLImac-Template-Projet-Linux-Windows/glimac/src/particule.cpp">
      </Unit>
      <Unit filename="E:/florian/opengl/dwarfcraft_final_final_final_final/GLImac-Template-Projet-Linux-Windows/glimac/src/particuleEmitter.cpp">
      </Unit>
      <Unit filename="E:/florian/opengl/dwarfcraft_final_final_final_final/GLImac-Template-Projet-Linux-Windows/glimac/src/particuleManager.cpp">
      </Unit>
      <Unit filename="E:/florian/opengl/dwarfcraft_final_final_final_final/GLImac-Template-Projet-Linux-Windows/glimac/src/perlin.cpp">
      </Unit>
      <Unit filename="E:/florian/opengl/dwarfcraft_final_final_final_final/GLImac-Template-Projet-Linux-Windows/glimac/src/player.cpp">
      </Unit>
      <Unit filename="E:/florian/opengl/dwarfcraft_final_final_final_final/GLImac-Template-Projet-Linux-Windows/glimac/src/pointLight.cpp">
      </Unit>
      <Unit filename="E:/florian/opengl/dwarfcraft_final_final_final_final/GLImac-Template-Projet-Linux-Windows/glimac/src/rigidBody.cpp">
      </Unit>
      <Unit filename="E:/florian/opengl/dwarfcraft_final_final_final_final/GLImac-Template-Projet-Linux-Windows/glimac/src/shadowmap.cpp">
      </Unit>
      <Unit filename="E:/florian/opengl/dwarfcraft_final_final_final_final/GLImac-Template-Projet-Linux-Windows/glimac/src/skybox.cpp">
      </Unit>
      <Unit filename="E:/florian/opengl/dwarfcraft_final_final_final_final/GLImac-Template-Projet-Linux-Windows/glimac/src/tiny_obj_loader.cpp">
      </Unit>
      <Unit filename="E:/florian/opengl/dwarfcraft_final_final_final_final/GLImac-Template-Projet-Linux-Windows/glimac/src/tinystr.cpp">
      </Unit>
      <Unit filename="E:/florian/opengl/dwarfcraft_final_final_final_final/GLImac-Template-Projet-Linux-Windows/glimac/src/tinyxml.cpp">
      </Unit>
      <Unit filename="E:/florian/opengl/dwarfcraft_final_final_final_final/GLImac-Template-Projet-Linux-Windows/glimac/src/tinyxmlerror.cpp">
      </Unit>
      <Unit filename="E:/florian/opengl/dwarfcraft_final_final_final_final/GLImac-Template-Projet-Linux-Windows/glimac/src/tinyxmlparser.cpp">
      </Unit>
      <Unit filename="E:/florian/opengl/dwarfcraft_final_final_final_final/GLImac-Template-Projet-Linux-Windows/glimac/src/trackBallCamera.cpp">
      </Unit>
      <Unit filename="E:/florian/opengl/dwarfcraft_final_final_final_final/GLImac-Template-Projet-Linux-Windows/glimac/src/transformable.cpp">
      </Unit>
      <Unit filename="E:/florian/opengl/dwarfcraft_final_final_final_final/GLImac-Template-Projet-Linux-Windows/glimac/src/visualLoad.cpp">
      </Unit>
      <Unit filename="E:/florian/opengl/dwarfcraft_final_final_final_final/GLImac-Template-Projet-Linux-Windows/src/SDLtemplate.cpp">
      </Unit>
      <Unit filename="E:/florian/opengl/dwarfcraft_final_final_final_final/GLImac-Template-Projet-Linux-Windows/assets/models/cornell_box.mtl">
      </Unit>
      <Unit filename="E:/florian/opengl/dwarfcraft_final_final_final_final/GLImac-Template-Projet-Linux-Windows/assets/models/cornell_box.obj">
      </Unit>
      <Unit filename="E:/florian/opengl/dwarfcraft_final_final_final_final/GLImac-Template-Projet-Linux-Windows/assets/models/cube.blend">
      </Unit>
      <Unit filename="E:/florian/opengl/dwarfcraft_final_final_final_final/GLImac-Template-Projet-Linux-Windows/assets/models/cube.blend1">
      </Unit>
      <Unit filename="E:/florian/opengl/dwarfcraft_final_final_final_final/GLImac-Template-Projet-Linux-Windows/assets/models/cube.dae">
      </Unit>
      <Unit filename="E:/florian/opengl/dwarfcraft_final_final_final_final/GLImac-Template-Projet-Linux-Windows/assets/models/cube.mtl">
      </Unit>
      <Unit filename="E:/florian/opengl/dwarfcraft_final_final_final_final/GLImac-Template-Projet-Linux-Windows/assets/models/cube.obj">
      </Unit>
      <Unit filename="E:/florian/opengl/dwarfcraft_final_final_final_final/GLImac-Template-Projet-Linux-Windows/assets/models/nanosuit/arm_dif.png">
      </Unit>
      <Unit filename="E:/florian/opengl/dwarfcraft_final_final_final_final/GLImac-Template-Projet-Linux-Windows/assets/models/nanosuit/arm_showroom_ddn.png">
      </Unit>
      <Unit filename="E:/florian/opengl/dwarfcraft_final_final_final_final/GLImac-Template-Projet-Linux-Windows/assets/models/nanosuit/arm_showroom_spec.png">
      </Unit>
      <Unit filename="E:/florian/opengl/dwarfcraft_final_final_final_final/GLImac-Template-Projet-Linux-Windows/assets/models/nanosuit/body_dif.png">
      </Unit>
      <Unit filename="E:/florian/opengl/dwarfcraft_final_final_final_final/GLImac-Template-Projet-Linux-Windows/assets/models/nanosuit/body_showroom_ddn.png">
      </Unit>
      <Unit filename="E:/florian/opengl/dwarfcraft_final_final_final_final/GLImac-Template-Projet-Linux-Windows/assets/models/nanosuit/body_showroom_spec.png">
      </Unit>
      <Unit filename="E:/florian/opengl/dwarfcraft_final_final_final_final/GLImac-Template-Projet-Linux-Windows/assets/models/nanosuit/glass_ddn.png">
      </Unit>
      <Unit filename="E:/florian/opengl/dwarfcraft_final_final_final_final/GLImac-Template-Projet-Linux-Windows/assets/models/nanosuit/glass_dif.png">
      </Unit>
      <Unit filename="E:/florian/opengl/dwarfcraft_final_final_final_final/GLImac-Template-Projet-Linux-Windows/assets/models/nanosuit/hand_dif.png">
      </Unit>
      <Unit filename="E:/florian/opengl/dwarfcraft_final_final_final_final/GLImac-Template-Projet-Linux-Windows/assets/models/nanosuit/hand_showroom_ddn.png">
      </Unit>
      <Unit filename="E:/florian/opengl/dwarfcraft_final_final_final_final/GLImac-Template-Projet-Linux-Windows/assets/models/nanosuit/hand_showroom_spec.png">
      </Unit>
      <Unit filename="E:/florian/opengl/dwarfcraft_final_final_final_final/GLImac-Template-Projet-Linux-Windows/assets/models/nanosuit/helmet_diff.png">
      </Unit>
      <Unit filename="E:/florian/opengl/dwarfcraft_final_final_final_final/GLImac-Template-Projet-Linux-Windows/assets/models/nanosuit/helmet_showroom_ddn.png">
      </Unit>
      <Unit filename="E:/florian/opengl/dwarfcraft_final_final_final_final/GLImac-Template-Projet-Linux-Windows/assets/models/nanosuit/helmet_showroom_spec.png">
      </Unit>
      <Unit filename="E:/florian/opengl/dwarfcraft_final_final_final_final/GLImac-Template-Projet-Linux-Windows/assets/models/nanosuit/leg_dif.png">
      </Unit>
      <Unit filename="E:/florian/opengl/dwarfcraft_final_final_final_final/GLImac-Template-Projet-Linux-Windows/assets/models/nanosuit/leg_showroom_ddn.png">
      </Unit>
      <Unit filename="E:/florian/opengl/dwarfcraft_final_final_final_final/GLImac-Template-Projet-Linux-Windows/assets/models/nanosuit/leg_showroom_spec.png">
      </Unit>
      <Unit filename="E:/florian/opengl/dwarfcraft_final_final_final_final/GLImac-Template-Projet-Linux-Windows/assets/models/nanosuit/nanosuit.blend">
      </Unit>
      <Unit filename="E:/florian/opengl/dwarfcraft_final_final_final_final/GLImac-Template-Projet-Linux-Windows/assets/models/nanosuit/nanosuit.mtl">
      </Unit>
      <Unit filename="E:/florian/opengl/dwarfcraft_final_final_final_final/GLImac-Template-Projet-Linux-Windows/assets/models/nanosuit/nanosuit.obj">
      </Unit>
      <Unit filename="E:/florian/opengl/dwarfcraft_final_final_final_final/GLImac-Template-Projet-Linux-Windows/assets/models/pioche/pioche.mtl">
      </Unit>
      <Unit filename="E:/florian/opengl/dwarfcraft_final_final_final_final/GLImac-Template-Projet-Linux-Windows/assets/models/pioche/pioche.obj">
      </Unit>
      <Unit filename="E:/florian/opengl/dwarfcraft_final_final_final_final/GLImac-Template-Projet-Linux-Windows/assets/models/pioche/pioche_diff.png">
      </Unit>
      <Unit filename="E:/florian/opengl/dwarfcraft_final_final_final_final/GLImac-Template-Projet-Linux-Windows/assets/models/pioche/pioche_spec.png">
      </Unit>
      <Unit filename="E:/florian/opengl/dwarfcraft_final_final_final_final/GLImac-Template-Projet-Linux-Windows/assets/models/untitled.dae">
      </Unit>
      <Unit filename="E:/florian/opengl/dwarfcraft_final_final_final_final/GLImac-Template-Projet-Linux-Windows/assets/models/untitled.fbx">
      </Unit>
      <Unit filename="E:/florian/opengl/dwarfcraft_final_final_final_final/GLImac-Template-Projet-Linux-Windows/assets/textures/CloudMap.jpg">
      </Unit>
      <Unit filename="E:/florian/opengl/dwarfcraft_final_final_final_final/GLImac-Template-Projet-Linux-Windows/assets/textures/EarthMap.jpg">
      </Unit>
      <Unit filename="E:/florian/opengl/dwarfcraft_final_final_final_final/GLImac-Template-Projet-Linux-Windows/assets/textures/MoonMap.jpg">
      </Unit>
      <Unit filename="E:/florian/opengl/dwarfcraft_final_final_final_final/GLImac-Template-Projet-Linux-Windows/assets/textures/chargement_texture.png">
      </Unit>
      <Unit filename="E:/florian/opengl/dwarfcraft_final_final_final_final/GLImac-Template-Projet-Linux-Windows/assets/textures/cobble2.png">
      </Unit>
      <Unit filename="E:/florian/opengl/dwarfcraft_final_final_final_final/GLImac-Template-Projet-Linux-Windows/assets/textures/fire_unity.png">
      </Unit>
      <Unit filename="E:/florian/opengl/dwarfcraft_final_final_final_final/GLImac-Template-Projet-Linux-Windows/assets/textures/fond_minecraft.jpg">
      </Unit>
      <Unit filename="E:/florian/opengl/dwarfcraft_final_final_final_final/GLImac-Template-Projet-Linux-Windows/assets/textures/fond_minecraft.png">
      </Unit>
      <Unit filename="E:/florian/opengl/dwarfcraft_final_final_final_final/GLImac-Template-Projet-Linux-Windows/assets/textures/grassp.png">
      </Unit>
      <Unit filename="E:/florian/opengl/dwarfcraft_final_final_final_final/GLImac-Template-Projet-Linux-Windows/assets/textures/menu_fond.jpg">
      </Unit>
      <Unit filename="E:/florian/opengl/dwarfcraft_final_final_final_final/GLImac-Template-Projet-Linux-Windows/assets/textures/menu_fond.png">
      </Unit>
      <Unit filename="E:/florian/opengl/dwarfcraft_final_final_final_final/GLImac-Template-Projet-Linux-Windows/assets/textures/skybox_texture.jpg">
      </Unit>
      <Unit filename="E:/florian/opengl/dwarfcraft_final_final_final_final/GLImac-Template-Projet-Linux-Windows/assets/textures/skybox_texture.png">
      </Unit>
      <Unit filename="E:/florian/opengl/dwarfcraft_final_final_final_final/GLImac-Template-Projet-Linux-Windows/assets/textures/skybox_texture_opt01.png">
      </Unit>
      <Unit filename="E:/florian/opengl/dwarfcraft_final_final_final_final/GLImac-Template-Projet-Linux-Windows/assets/textures/skybox_texture_opt02.png">
      </Unit>
      <Unit filename="E:/florian/opengl/dwarfcraft_final_final_final_final/GLImac-Template-Projet-Linux-Windows/assets/textures/skybox_texture_xneg.jpg">
      </Unit>
      <Unit filename="E:/florian/opengl/dwarfcraft_final_final_final_final/GLImac-Template-Projet-Linux-Windows/assets/textures/skybox_texture_xneg.png">
      </Unit>
      <Unit filename="E:/florian/opengl/dwarfcraft_final_final_final_final/GLImac-Template-Projet-Linux-Windows/assets/textures/skybox_texture_xpos.jpg">
      </Unit>
      <Unit filename="E:/florian/opengl/dwarfcraft_final_final_final_final/GLImac-Template-Projet-Linux-Windows/assets/textures/skybox_texture_xpos.png">
      </Unit>
      <Unit filename="E:/florian/opengl/dwarfcraft_final_final_final_final/GLImac-Template-Projet-Linux-Windows/assets/textures/skybox_texture_yneg.jpg">
      </Unit>
      <Unit filename="E:/florian/opengl/dwarfcraft_final_final_final_final/GLImac-Template-Projet-Linux-Windows/assets/textures/skybox_texture_yneg.png">
      </Unit>
      <Unit filename="E:/florian/opengl/dwarfcraft_final_final_final_final/GLImac-Template-Projet-Linux-Windows/assets/textures/skybox_texture_ypos.jpg">
      </Unit>
      <Unit filename="E:/florian/opengl/dwarfcraft_final_final_final_final/GLImac-Template-Projet-Linux-Windows/assets/textures/skybox_texture_ypos.png">
      </Unit>
      <Unit filename="E:/florian/opengl/dwarfcraft_final_final_final_final/GLImac-Template-Projet-Linux-Windows/assets/textures/skybox_texture_zneg.jpg">
      </Unit>
      <Unit filename="E:/florian/opengl/dwarfcraft_final_final_final_final/GLImac-Template-Projet-Linux-Windows/assets/textures/skybox_texture_zneg.png">
      </Unit>
      <Unit filename="E:/florian/opengl/dwarfcraft_final_final_final_final/GLImac-Template-Projet-Linux-Windows/assets/textures/skybox_texture_zpos.jpg">
      </Unit>
      <Unit filename="E:/florian/opengl/dwarfcraft_final_final_final_final/GLImac-Template-Projet-Linux-Windows/assets/textures/skybox_texture_zpos.png">
      </Unit>
      <Unit filename="E:/florian/opengl/dwarfcraft_final_final_final_final/GLImac-Template-Projet-Linux-Windows/assets/textures/texture_cubes.png">
      </Unit>
      <Unit filename="E:/florian/opengl/dwarfcraft_final_final_final_final/GLImac-Template-Projet-Linux-Windows/assets/textures/texture_cubes_02.png">
      </Unit>
      <Unit filename="E:/florian/opengl/dwarfcraft_final_final_final_final/GLImac-Template-Projet-Linux-Windows/assets/textures/texture_cubes_03.png">
      </Unit>
      <Unit filename="E:/florian/opengl/dwarfcraft_final_final_final_final/GLImac-Template-Projet-Linux-Windows/assets/textures/texture_cubes_04.png">
      </Unit>
      <Unit filename="E:/florian/opengl/dwarfcraft_final_final_final_final/GLImac-Template-Projet-Linux-Windows/assets/textures/texture_cubes_low.jpeg">
      </Unit>
      <Unit filename="E:/florian/opengl/dwarfcraft_final_final_final_final/GLImac-Template-Projet-Linux-Windows/assets/textures/texture_cubes_low.png">
      </Unit>
      <Unit filename="E:/florian/opengl/dwarfcraft_final_final_final_final/GLImac-Template-Projet-Linux-Windows/assets/textures/texture_cubes_psd.psd">
      </Unit>
      <Unit filename="E:/florian/opengl/dwarfcraft_final_final_final_final/GLImac-Template-Projet-Linux-Windows/assets/textures/triforce.bmp">
      </Unit>
      <Unit filename="E:/florian/opengl/dwarfcraft_final_final_final_final/GLImac-Template-Projet-Linux-Windows/assets/textures/triforce.png">
      </Unit>
      <Unit filename="E:/florian/opengl/dwarfcraft_final_final_final_final/GLImac-Template-Projet-Linux-Windows/glimac/include/glimac/BBox.hpp">
      </Unit>
      <Unit filename="E:/florian/opengl/dwarfcraft_final_final_final_final/GLImac-Template-Projet-Linux-Windows/glimac/include/glimac/Cone.hpp">
      </Unit>
      <Unit filename="E:/florian/opengl/dwarfcraft_final_final_final_final/GLImac-Template-Projet-Linux-Windows/glimac/include/glimac/FilePath.hpp">
      </Unit>
      <Unit filename="E:/florian/opengl/dwarfcraft_final_final_final_final/GLImac-Template-Projet-Linux-Windows/glimac/include/glimac/Geometry.hpp">
      </Unit>
      <Unit filename="E:/florian/opengl/dwarfcraft_final_final_final_final/GLImac-Template-Projet-Linux-Windows/glimac/include/glimac/Image.hpp">
      </Unit>
      <Unit filename="E:/florian/opengl/dwarfcraft_final_final_final_final/GLImac-Template-Projet-Linux-Windows/glimac/include/glimac/Program.hpp">
      </Unit>
      <Unit filename="E:/florian/opengl/dwarfcraft_final_final_final_final/GLImac-Template-Projet-Linux-Windows/glimac/include/glimac/SDLWindowManager.hpp">
      </Unit>
      <Unit filename="E:/florian/opengl/dwarfcraft_final_final_final_final/GLImac-Template-Projet-Linux-Windows/glimac/include/glimac/Shader.hpp">
      </Unit>
      <Unit filename="E:/florian/opengl/dwarfcraft_final_final_final_final/GLImac-Template-Projet-Linux-Windows/glimac/include/glimac/Sphere.hpp">
      </Unit>
      <Unit filename="E:/florian/opengl/dwarfcraft_final_final_final_final/GLImac-Template-Projet-Linux-Windows/glimac/include/glimac/character.hpp">
      </Unit>
      <Unit filename="E:/florian/opengl/dwarfcraft_final_final_final_final/GLImac-Template-Projet-Linux-Windows/glimac/include/glimac/chunk.hpp">
      </Unit>
      <Unit filename="E:/florian/opengl/dwarfcraft_final_final_final_final/GLImac-Template-Projet-Linux-Windows/glimac/include/glimac/collider.hpp">
      </Unit>
      <Unit filename="E:/florian/opengl/dwarfcraft_final_final_final_final/GLImac-Template-Projet-Linux-Windows/glimac/include/glimac/common.hpp">
      </Unit>
      <Unit filename="E:/florian/opengl/dwarfcraft_final_final_final_final/GLImac-Template-Projet-Linux-Windows/glimac/include/glimac/config.hpp">
      </Unit>
      <Unit filename="E:/florian/opengl/dwarfcraft_final_final_final_final/GLImac-Template-Projet-Linux-Windows/glimac/include/glimac/cube.hpp">
      </Unit>
      <Unit filename="E:/florian/opengl/dwarfcraft_final_final_final_final/GLImac-Template-Projet-Linux-Windows/glimac/include/glimac/cubeCollider.hpp">
      </Unit>
      <Unit filename="E:/florian/opengl/dwarfcraft_final_final_final_final/GLImac-Template-Projet-Linux-Windows/glimac/include/glimac/directionnalLight.hpp">
      </Unit>
      <Unit filename="E:/florian/opengl/dwarfcraft_final_final_final_final/GLImac-Template-Projet-Linux-Windows/glimac/include/glimac/force.hpp">
      </Unit>
      <Unit filename="E:/florian/opengl/dwarfcraft_final_final_final_final/GLImac-Template-Projet-Linux-Windows/glimac/include/glimac/freeFlyCamera.hpp">
      </Unit>
      <Unit filename="E:/florian/opengl/dwarfcraft_final_final_final_final/GLImac-Template-Projet-Linux-Windows/glimac/include/glimac/glm.hpp">
      </Unit>
      <Unit filename="E:/florian/opengl/dwarfcraft_final_final_final_final/GLImac-Template-Projet-Linux-Windows/glimac/include/glimac/item.hpp">
      </Unit>
      <Unit filename="E:/florian/opengl/dwarfcraft_final_final_final_final/GLImac-Template-Projet-Linux-Windows/glimac/include/glimac/itemCube.hpp">
      </Unit>
      <Unit filename="E:/florian/opengl/dwarfcraft_final_final_final_final/GLImac-Template-Projet-Linux-Windows/glimac/include/glimac/itemManager.hpp">
      </Unit>
      <Unit filename="E:/florian/opengl/dwarfcraft_final_final_final_final/GLImac-Template-Projet-Linux-Windows/glimac/include/glimac/itemModel.hpp">
      </Unit>
      <Unit filename="E:/florian/opengl/dwarfcraft_final_final_final_final/GLImac-Template-Projet-Linux-Windows/glimac/include/glimac/light.hpp">
      </Unit>
      <Unit filename="E:/florian/opengl/dwarfcraft_final_final_final_final/GLImac-Template-Projet-Linux-Windows/glimac/include/glimac/lightManager.hpp">
      </Unit>
      <Unit filename="E:/florian/opengl/dwarfcraft_final_final_final_final/GLImac-Template-Projet-Linux-Windows/glimac/include/glimac/map.hpp">
      </Unit>
      <Unit filename="E:/florian/opengl/dwarfcraft_final_final_final_final/GLImac-Template-Projet-Linux-Windows/glimac/include/glimac/menu.hpp">
      </Unit>
      <Unit filename="E:/florian/opengl/dwarfcraft_final_final_final_final/GLImac-Template-Projet-Linux-Windows/glimac/include/glimac/mesh.hpp">
      </Unit>
      <Unit filename="E:/florian/opengl/dwarfcraft_final_final_final_final/GLImac-Template-Projet-Linux-Windows/glimac/include/glimac/model.hpp">
      </Unit>
      <Unit filename="E:/florian/opengl/dwarfcraft_final_final_final_final/GLImac-Template-Projet-Linux-Windows/glimac/include/glimac/particule.hpp">
      </Unit>
      <Unit filename="E:/florian/opengl/dwarfcraft_final_final_final_final/GLImac-Template-Projet-Linux-Windows/glimac/include/glimac/particuleEmitter.hpp">
      </Unit>
      <Unit filename="E:/florian/opengl/dwarfcraft_final_final_final_final/GLImac-Template-Projet-Linux-Windows/glimac/include/glimac/particuleManager.hpp">
      </Unit>
      <Unit filename="E:/florian/opengl/dwarfcraft_final_final_final_final/GLImac-Template-Projet-Linux-Windows/glimac/include/glimac/player.hpp">
      </Unit>
      <Unit filename="E:/florian/opengl/dwarfcraft_final_final_final_final/GLImac-Template-Projet-Linux-Windows/glimac/include/glimac/pointLight.hpp">
      </Unit>
      <Unit filename="E:/florian/opengl/dwarfcraft_final_final_final_final/GLImac-Template-Projet-Linux-Windows/glimac/include/glimac/rigidBody.hpp">
      </Unit>
      <Unit filename="E:/florian/opengl/dwarfcraft_final_final_final_final/GLImac-Template-Projet-Linux-Windows/glimac/include/glimac/save.hpp">
      </Unit>
      <Unit filename="E:/florian/opengl/dwarfcraft_final_final_final_final/GLImac-Template-Projet-Linux-Windows/glimac/include/glimac/shadowMap.hpp">
      </Unit>
      <Unit filename="E:/florian/opengl/dwarfcraft_final_final_final_final/GLImac-Template-Projet-Linux-Windows/glimac/include/glimac/shared.hpp">
      </Unit>
      <Unit filename="E:/florian/opengl/dwarfcraft_final_final_final_final/GLImac-Template-Projet-Linux-Windows/glimac/include/glimac/skybox.hpp">
      </Unit>
      <Unit filename="E:/florian/opengl/dwarfcraft_final_final_final_final/GLImac-Template-Projet-Linux-Windows/glimac/include/glimac/tinystr.hpp">
      </Unit>
      <Unit filename="E:/florian/opengl/dwarfcraft_final_final_final_final/GLImac-Template-Projet-Linux-Windows/glimac/include/glimac/tinyxml.hpp">
      </Unit>
      <Unit filename="E:/florian/opengl/dwarfcraft_final_final_final_final/GLImac-Template-Projet-Linux-Windows/glimac/include/glimac/trackBallCamera.hpp">
      </Unit>
      <Unit filename="E:/florian/opengl/dwarfcraft_final_final_final_final/GLImac-Template-Projet-Linux-Windows/glimac/include/glimac/transformable.hpp">
      </Unit>
      <Unit filename="E:/florian/opengl/dwarfcraft_final_final_final_final/GLImac-Template-Projet-Linux-Windows/glimac/include/glimac/vertexType.hpp">
      </Unit>
      <Unit filename="E:/florian/opengl/dwarfcraft_final_final_final_final/GLImac-Template-Projet-Linux-Windows/glimac/include/glimac/visualLoad.hpp">
      </Unit>
      <Unit filename="E:/florian/opengl/dwarfcraft_final_final_final_final/GLImac-Template-Projet-Linux-Windows/glimac/src/tiny_obj_loader.h">
      </Unit>
      <Unit filename="E:/florian/opengl/dwarfcraft_final_final_final_final/GLImac-Template-Projet-Linux-Windows/shaders/color2D.fs.glsl">
      </Unit>
      <Unit filename="E:/florian/opengl/dwarfcraft_final_final_final_final/GLImac-Template-Projet-Linux-Windows/shaders/color2D.vs.glsl">
      </Unit>
      <Unit filename="E:/florian/opengl/dwarfcraft_final_final_final_final/GLImac-Template-Projet-Linux-Windows/shaders/item2D.fs.glsl">
      </Unit>
      <Unit filename="E:/florian/opengl/dwarfcraft_final_final_final_final/GLImac-Template-Projet-Linux-Windows/shaders/item2D.vs.glsl">
      </Unit>
      <Unit filename="E:/florian/opengl/dwarfcraft_final_final_final_final/GLImac-Template-Projet-Linux-Windows/shaders/item3D.fs.glsl">
      </Unit>
      <Unit filename="E:/florian/opengl/dwarfcraft_final_final_final_final/GLImac-Template-Projet-Linux-Windows/shaders/item3D.vs.glsl">
      </Unit>
      <Unit filename="E:/florian/opengl/dwarfcraft_final_final_final_final/GLImac-Template-Projet-Linux-Windows/shaders/mapCubeL.fs.glsl">
      </Unit>
      <Unit filename="E:/florian/opengl/dwarfcraft_final_final_final_final/GLImac-Template-Projet-Linux-Windows/shaders/mapCubeL.vs.glsl">
      </Unit>
      <Unit filename="E:/florian/opengl/dwarfcraft_final_final_final_final/GLImac-Template-Projet-Linux-Windows/shaders/mesh_light.fs.glsl">
      </Unit>
      <Unit filename="E:/florian/opengl/dwarfcraft_final_final_final_final/GLImac-Template-Projet-Linux-Windows/shaders/mesh_light.vs.glsl">
      </Unit>
      <Unit filename="E:/florian/opengl/dwarfcraft_final_final_final_final/GLImac-Template-Projet-Linux-Windows/shaders/mesh_shader.fs.glsl">
      </Unit>
      <Unit filename="E:/florian/opengl/dwarfcraft_final_final_final_final/GLImac-Template-Projet-Linux-Windows/shaders/mesh_shader.vs.glsl">
      </Unit>
      <Unit filename="E:/florian/opengl/dwarfcraft_final_final_final_final/GLImac-Template-Projet-Linux-Windows/shaders/particleTex.fs.glsl">
      </Unit>
      <Unit filename="E:/florian/opengl/dwarfcraft_final_final_final_final/GLImac-Template-Projet-Linux-Windows/shaders/particleTex.vs.glsl">
      </Unit>
      <Unit filename="E:/florian/opengl/dwarfcraft_final_final_final_final/GLImac-Template-Projet-Linux-Windows/shaders/simple2D.fs.glsl">
      </Unit>
      <Unit filename="E:/florian/opengl/dwarfcraft_final_final_final_final/GLImac-Template-Projet-Linux-Windows/shaders/simple2D.vs.glsl">
      </Unit>
      <Unit filename="E:/florian/opengl/dwarfcraft_final_final_final_final/GLImac-Template-Projet-Linux-Windows/shaders/simpleTex2D.fs.glsl">
      </Unit>
      <Unit filename="E:/florian/opengl/dwarfcraft_final_final_final_final/GLImac-Template-Projet-Linux-Windows/shaders/simpleTex2D.vs.glsl">
      </Unit>
      <Unit filename="E:/florian/opengl/dwarfcraft_final_final_final_final/GLImac-Template-Projet-Linux-Windows/shaders/skyShader.fs.glsl">
      </Unit>
      <Unit filename="E:/florian/opengl/dwarfcraft_final_final_final_final/GLImac-Template-Projet-Linux-Windows/shaders/skyShader.vs.glsl">
      </Unit>
      <Unit filename="E:/florian/opengl/dwarfcraft_final_final_final_final/GLImac-Template-Projet-Linux-Windows/shaders/tex2D.fs.glsl">
      </Unit>
      <Unit filename="E:/florian/opengl/dwarfcraft_final_final_final_final/GLImac-Template-Projet-Linux-Windows/shaders/tex2D.vs.glsl">
      </Unit>
      <Unit filename="E:/florian/opengl/dwarfcraft_final_final_final_final/GLImac-Template-Projet-Linux-Windows/CMakeLists.txt">
          <Option virtualFolder="CMake Files\" />
      </Unit>
      <Unit filename="E:/florian/opengl/dwarfcraft_final_final_final_final/GLImac-Template-Projet-Linux-Windows/glimac/CMakeLists.txt">
          <Option virtualFolder="CMake Files\glimac\" />
      </Unit>
   </Project>
</CodeBlocks_project_file>
